// !$*UTF8*$!
{
	archiveVersion = 1;
	classes = {
	};
	objectVersion = 46;
	objects = {

/* Begin PBXBuildFile section */
		75142FAAD25F56927116BD05 /* libPods-RunwayDesignerPrototypeTests.a in Frameworks */ = {isa = PBXBuildFile; fileRef = 26FAF2420EFDFECA6C30EB44 /* libPods-RunwayDesignerPrototypeTests.a */; };
		7BF1C9EEFAA766B5ADCE072D /* libPods-RunwayDesignerPrototype.a in Frameworks */ = {isa = PBXBuildFile; fileRef = 04108099DA479D085DA08C55 /* libPods-RunwayDesignerPrototype.a */; };
		C1AC9D6C1D52A64E002776F5 /* RDMainViewController.m in Sources */ = {isa = PBXBuildFile; fileRef = C1AC9D6B1D52A64E002776F5 /* RDMainViewController.m */; };
		C1AC9D701D52AB95002776F5 /* RDRequestManager.m in Sources */ = {isa = PBXBuildFile; fileRef = C1AC9D6F1D52AB95002776F5 /* RDRequestManager.m */; };
		C1D5A39C1D58DB72000C65C1 /* RDRandomItem.m in Sources */ = {isa = PBXBuildFile; fileRef = C1D5A39B1D58DB72000C65C1 /* RDRandomItem.m */; };
		C1D5A3A21D58E2BF000C65C1 /* RDRandomItemsStore.m in Sources */ = {isa = PBXBuildFile; fileRef = C1D5A3A11D58E2BF000C65C1 /* RDRandomItemsStore.m */; };
		C1D5A3A81D590C65000C65C1 /* RDProductViewController.m in Sources */ = {isa = PBXBuildFile; fileRef = C1D5A3A71D590C65000C65C1 /* RDProductViewController.m */; };
		C1D5A3AB1D5933B2000C65C1 /* RDRandomItemImage.m in Sources */ = {isa = PBXBuildFile; fileRef = C1D5A3AA1D5933B2000C65C1 /* RDRandomItemImage.m */; };
		C1D5A3B01D596EE9000C65C1 /* RDProductDetailCell.m in Sources */ = {isa = PBXBuildFile; fileRef = C1D5A3AE1D596EE9000C65C1 /* RDProductDetailCell.m */; };
		C1D5A3B11D596EE9000C65C1 /* RDProductDetailCell.xib in Resources */ = {isa = PBXBuildFile; fileRef = C1D5A3AF1D596EE9000C65C1 /* RDProductDetailCell.xib */; };
		C1D5A3B51D59A2D7000C65C1 /* RDDesignerCell.m in Sources */ = {isa = PBXBuildFile; fileRef = C1D5A3B31D59A2D7000C65C1 /* RDDesignerCell.m */; };
		C1D5A3B61D59A2D7000C65C1 /* RDDesignerCell.xib in Resources */ = {isa = PBXBuildFile; fileRef = C1D5A3B41D59A2D7000C65C1 /* RDDesignerCell.xib */; };
		C1D5A3BD1D5A5B0F000C65C1 /* RDProductImageCell.m in Sources */ = {isa = PBXBuildFile; fileRef = C1D5A3BB1D5A5B0F000C65C1 /* RDProductImageCell.m */; };
		C1D5A3BE1D5A5B0F000C65C1 /* RDProductImageCell.xib in Resources */ = {isa = PBXBuildFile; fileRef = C1D5A3BC1D5A5B0F000C65C1 /* RDProductImageCell.xib */; };
		C1D5A3C31D5A6EE7000C65C1 /* UIViewController+BackButton.m in Sources */ = {isa = PBXBuildFile; fileRef = C1D5A3C21D5A6EE7000C65C1 /* UIViewController+BackButton.m */; };
		C1D5A3CA1D5AA2CC000C65C1 /* RDDesignerRealm.m in Sources */ = {isa = PBXBuildFile; fileRef = C1D5A3C91D5AA2CC000C65C1 /* RDDesignerRealm.m */; };
		C1D5A3D01D5AE5F7000C65C1 /* UIViewController+UIAlertController.m in Sources */ = {isa = PBXBuildFile; fileRef = C1D5A3CF1D5AE5F7000C65C1 /* UIViewController+UIAlertController.m */; };
		C1FD935F1D52A0AF0091F96E /* main.m in Sources */ = {isa = PBXBuildFile; fileRef = C1FD935E1D52A0AF0091F96E /* main.m */; };
		C1FD93621D52A0AF0091F96E /* RDAppDelegate.m in Sources */ = {isa = PBXBuildFile; fileRef = C1FD93611D52A0AF0091F96E /* RDAppDelegate.m */; };
		C1FD93681D52A0AF0091F96E /* Main.storyboard in Resources */ = {isa = PBXBuildFile; fileRef = C1FD93661D52A0AF0091F96E /* Main.storyboard */; };
		C1FD936A1D52A0AF0091F96E /* Assets.xcassets in Resources */ = {isa = PBXBuildFile; fileRef = C1FD93691D52A0AF0091F96E /* Assets.xcassets */; };
		C1FD936D1D52A0AF0091F96E /* LaunchScreen.storyboard in Resources */ = {isa = PBXBuildFile; fileRef = C1FD936B1D52A0AF0091F96E /* LaunchScreen.storyboard */; };
		C1FD93781D52A0B00091F96E /* RunwayDesignerPrototypeTests.m in Sources */ = {isa = PBXBuildFile; fileRef = C1FD93771D52A0B00091F96E /* RunwayDesignerPrototypeTests.m */; };
		C1FD93831D52A0B00091F96E /* RunwayDesignerPrototypeUITests.m in Sources */ = {isa = PBXBuildFile; fileRef = C1FD93821D52A0B00091F96E /* RunwayDesignerPrototypeUITests.m */; };
/* End PBXBuildFile section */

/* Begin PBXContainerItemProxy section */
		C1FD93741D52A0B00091F96E /* PBXContainerItemProxy */ = {
			isa = PBXContainerItemProxy;
			containerPortal = C1FD93521D52A0AF0091F96E /* Project object */;
			proxyType = 1;
			remoteGlobalIDString = C1FD93591D52A0AF0091F96E;
			remoteInfo = RunwayDesignerPrototype;
		};
		C1FD937F1D52A0B00091F96E /* PBXContainerItemProxy */ = {
			isa = PBXContainerItemProxy;
			containerPortal = C1FD93521D52A0AF0091F96E /* Project object */;
			proxyType = 1;
			remoteGlobalIDString = C1FD93591D52A0AF0091F96E;
			remoteInfo = RunwayDesignerPrototype;
		};
/* End PBXContainerItemProxy section */

/* Begin PBXFileReference section */
		04108099DA479D085DA08C55 /* libPods-RunwayDesignerPrototype.a */ = {isa = PBXFileReference; explicitFileType = archive.ar; includeInIndex = 0; path = "libPods-RunwayDesignerPrototype.a"; sourceTree = BUILT_PRODUCTS_DIR; };
		26FAF2420EFDFECA6C30EB44 /* libPods-RunwayDesignerPrototypeTests.a */ = {isa = PBXFileReference; explicitFileType = archive.ar; includeInIndex = 0; path = "libPods-RunwayDesignerPrototypeTests.a"; sourceTree = BUILT_PRODUCTS_DIR; };
		4E63C5C95C5CFEA65045E385 /* Pods-RunwayDesignerPrototype.debug.xcconfig */ = {isa = PBXFileReference; includeInIndex = 1; lastKnownFileType = text.xcconfig; name = "Pods-RunwayDesignerPrototype.debug.xcconfig"; path = "Pods/Target Support Files/Pods-RunwayDesignerPrototype/Pods-RunwayDesignerPrototype.debug.xcconfig"; sourceTree = "<group>"; };
		5EE707A8EAF2DBD63DA1624A /* Pods-RunwayDesignerPrototypeTests.release.xcconfig */ = {isa = PBXFileReference; includeInIndex = 1; lastKnownFileType = text.xcconfig; name = "Pods-RunwayDesignerPrototypeTests.release.xcconfig"; path = "Pods/Target Support Files/Pods-RunwayDesignerPrototypeTests/Pods-RunwayDesignerPrototypeTests.release.xcconfig"; sourceTree = "<group>"; };
		C08195F1612CA053DF6B04AF /* Pods-RunwayDesignerPrototypeTests.debug.xcconfig */ = {isa = PBXFileReference; includeInIndex = 1; lastKnownFileType = text.xcconfig; name = "Pods-RunwayDesignerPrototypeTests.debug.xcconfig"; path = "Pods/Target Support Files/Pods-RunwayDesignerPrototypeTests/Pods-RunwayDesignerPrototypeTests.debug.xcconfig"; sourceTree = "<group>"; };
		C1AC9D6A1D52A64E002776F5 /* RDMainViewController.h */ = {isa = PBXFileReference; fileEncoding = 4; lastKnownFileType = sourcecode.c.h; name = RDMainViewController.h; path = viewControllers/RDMainViewController.h; sourceTree = "<group>"; };
		C1AC9D6B1D52A64E002776F5 /* RDMainViewController.m */ = {isa = PBXFileReference; fileEncoding = 4; lastKnownFileType = sourcecode.c.objc; name = RDMainViewController.m; path = viewControllers/RDMainViewController.m; sourceTree = "<group>"; };
		C1AC9D6E1D52AB95002776F5 /* RDRequestManager.h */ = {isa = PBXFileReference; fileEncoding = 4; lastKnownFileType = sourcecode.c.h; name = RDRequestManager.h; path = Networking/RDRequestManager.h; sourceTree = "<group>"; };
		C1AC9D6F1D52AB95002776F5 /* RDRequestManager.m */ = {isa = PBXFileReference; fileEncoding = 4; lastKnownFileType = sourcecode.c.objc; name = RDRequestManager.m; path = Networking/RDRequestManager.m; sourceTree = "<group>"; };
		C1D5A3981D5860D8000C65C1 /* RDConstants.h */ = {isa = PBXFileReference; lastKnownFileType = sourcecode.c.h; path = RDConstants.h; sourceTree = "<group>"; };
		C1D5A39A1D58DB72000C65C1 /* RDRandomItem.h */ = {isa = PBXFileReference; fileEncoding = 4; lastKnownFileType = sourcecode.c.h; name = RDRandomItem.h; path = Models/RDRandomItem.h; sourceTree = "<group>"; };
		C1D5A39B1D58DB72000C65C1 /* RDRandomItem.m */ = {isa = PBXFileReference; fileEncoding = 4; lastKnownFileType = sourcecode.c.objc; name = RDRandomItem.m; path = Models/RDRandomItem.m; sourceTree = "<group>"; };
		C1D5A3A01D58E2BF000C65C1 /* RDRandomItemsStore.h */ = {isa = PBXFileReference; fileEncoding = 4; lastKnownFileType = sourcecode.c.h; name = RDRandomItemsStore.h; path = Networking/RDRandomItemsStore.h; sourceTree = "<group>"; };
		C1D5A3A11D58E2BF000C65C1 /* RDRandomItemsStore.m */ = {isa = PBXFileReference; fileEncoding = 4; lastKnownFileType = sourcecode.c.objc; name = RDRandomItemsStore.m; path = Networking/RDRandomItemsStore.m; sourceTree = "<group>"; };
		C1D5A3A61D590C65000C65C1 /* RDProductViewController.h */ = {isa = PBXFileReference; fileEncoding = 4; lastKnownFileType = sourcecode.c.h; name = RDProductViewController.h; path = viewControllers/RDProductViewController.h; sourceTree = "<group>"; };
		C1D5A3A71D590C65000C65C1 /* RDProductViewController.m */ = {isa = PBXFileReference; fileEncoding = 4; lastKnownFileType = sourcecode.c.objc; name = RDProductViewController.m; path = viewControllers/RDProductViewController.m; sourceTree = "<group>"; };
		C1D5A3A91D5933B2000C65C1 /* RDRandomItemImage.h */ = {isa = PBXFileReference; fileEncoding = 4; lastKnownFileType = sourcecode.c.h; name = RDRandomItemImage.h; path = Models/RDRandomItemImage.h; sourceTree = "<group>"; };
		C1D5A3AA1D5933B2000C65C1 /* RDRandomItemImage.m */ = {isa = PBXFileReference; fileEncoding = 4; lastKnownFileType = sourcecode.c.objc; name = RDRandomItemImage.m; path = Models/RDRandomItemImage.m; sourceTree = "<group>"; };
		C1D5A3AD1D596EE9000C65C1 /* RDProductDetailCell.h */ = {isa = PBXFileReference; fileEncoding = 4; lastKnownFileType = sourcecode.c.h; name = RDProductDetailCell.h; path = viewControllers/Cells/RDProductDetailCell.h; sourceTree = "<group>"; };
		C1D5A3AE1D596EE9000C65C1 /* RDProductDetailCell.m */ = {isa = PBXFileReference; fileEncoding = 4; lastKnownFileType = sourcecode.c.objc; name = RDProductDetailCell.m; path = viewControllers/Cells/RDProductDetailCell.m; sourceTree = "<group>"; };
		C1D5A3AF1D596EE9000C65C1 /* RDProductDetailCell.xib */ = {isa = PBXFileReference; fileEncoding = 4; lastKnownFileType = file.xib; name = RDProductDetailCell.xib; path = viewControllers/Cells/RDProductDetailCell.xib; sourceTree = "<group>"; };
		C1D5A3B21D59A2D7000C65C1 /* RDDesignerCell.h */ = {isa = PBXFileReference; fileEncoding = 4; lastKnownFileType = sourcecode.c.h; name = RDDesignerCell.h; path = viewControllers/Cells/RDDesignerCell.h; sourceTree = "<group>"; };
		C1D5A3B31D59A2D7000C65C1 /* RDDesignerCell.m */ = {isa = PBXFileReference; fileEncoding = 4; lastKnownFileType = sourcecode.c.objc; name = RDDesignerCell.m; path = viewControllers/Cells/RDDesignerCell.m; sourceTree = "<group>"; };
		C1D5A3B41D59A2D7000C65C1 /* RDDesignerCell.xib */ = {isa = PBXFileReference; fileEncoding = 4; lastKnownFileType = file.xib; name = RDDesignerCell.xib; path = viewControllers/Cells/RDDesignerCell.xib; sourceTree = "<group>"; };
		C1D5A3BA1D5A5B0F000C65C1 /* RDProductImageCell.h */ = {isa = PBXFileReference; fileEncoding = 4; lastKnownFileType = sourcecode.c.h; name = RDProductImageCell.h; path = viewControllers/Cells/RDProductImageCell.h; sourceTree = "<group>"; };
		C1D5A3BB1D5A5B0F000C65C1 /* RDProductImageCell.m */ = {isa = PBXFileReference; fileEncoding = 4; lastKnownFileType = sourcecode.c.objc; name = RDProductImageCell.m; path = viewControllers/Cells/RDProductImageCell.m; sourceTree = "<group>"; };
		C1D5A3BC1D5A5B0F000C65C1 /* RDProductImageCell.xib */ = {isa = PBXFileReference; fileEncoding = 4; lastKnownFileType = file.xib; name = RDProductImageCell.xib; path = viewControllers/Cells/RDProductImageCell.xib; sourceTree = "<group>"; };
		C1D5A3C11D5A6EE7000C65C1 /* UIViewController+BackButton.h */ = {isa = PBXFileReference; fileEncoding = 4; lastKnownFileType = sourcecode.c.h; name = "UIViewController+BackButton.h"; path = "Helpers/Categories/UIViewController+BackButton.h"; sourceTree = "<group>"; };
		C1D5A3C21D5A6EE7000C65C1 /* UIViewController+BackButton.m */ = {isa = PBXFileReference; fileEncoding = 4; lastKnownFileType = sourcecode.c.objc; name = "UIViewController+BackButton.m"; path = "Helpers/Categories/UIViewController+BackButton.m"; sourceTree = "<group>"; };
		C1D5A3C81D5AA2CC000C65C1 /* RDDesignerRealm.h */ = {isa = PBXFileReference; fileEncoding = 4; lastKnownFileType = sourcecode.c.h; name = RDDesignerRealm.h; path = Database/RDDesignerRealm.h; sourceTree = "<group>"; };
		C1D5A3C91D5AA2CC000C65C1 /* RDDesignerRealm.m */ = {isa = PBXFileReference; fileEncoding = 4; lastKnownFileType = sourcecode.c.objc; name = RDDesignerRealm.m; path = Database/RDDesignerRealm.m; sourceTree = "<group>"; };
		C1D5A3CE1D5AE5F7000C65C1 /* UIViewController+UIAlertController.h */ = {isa = PBXFileReference; fileEncoding = 4; lastKnownFileType = sourcecode.c.h; name = "UIViewController+UIAlertController.h"; path = "Helpers/Categories/UIViewController+UIAlertController.h"; sourceTree = "<group>"; };
		C1D5A3CF1D5AE5F7000C65C1 /* UIViewController+UIAlertController.m */ = {isa = PBXFileReference; fileEncoding = 4; lastKnownFileType = sourcecode.c.objc; name = "UIViewController+UIAlertController.m"; path = "Helpers/Categories/UIViewController+UIAlertController.m"; sourceTree = "<group>"; };
		C1FD935A1D52A0AF0091F96E /* RunwayDesignerPrototype.app */ = {isa = PBXFileReference; explicitFileType = wrapper.application; includeInIndex = 0; path = RunwayDesignerPrototype.app; sourceTree = BUILT_PRODUCTS_DIR; };
		C1FD935E1D52A0AF0091F96E /* main.m */ = {isa = PBXFileReference; lastKnownFileType = sourcecode.c.objc; path = main.m; sourceTree = "<group>"; };
		C1FD93601D52A0AF0091F96E /* RDAppDelegate.h */ = {isa = PBXFileReference; lastKnownFileType = sourcecode.c.h; path = RDAppDelegate.h; sourceTree = "<group>"; };
		C1FD93611D52A0AF0091F96E /* RDAppDelegate.m */ = {isa = PBXFileReference; lastKnownFileType = sourcecode.c.objc; path = RDAppDelegate.m; sourceTree = "<group>"; };
		C1FD93671D52A0AF0091F96E /* Base */ = {isa = PBXFileReference; lastKnownFileType = file.storyboard; name = Base; path = Base.lproj/Main.storyboard; sourceTree = "<group>"; };
		C1FD93691D52A0AF0091F96E /* Assets.xcassets */ = {isa = PBXFileReference; lastKnownFileType = folder.assetcatalog; path = Assets.xcassets; sourceTree = "<group>"; };
		C1FD936C1D52A0AF0091F96E /* Base */ = {isa = PBXFileReference; lastKnownFileType = file.storyboard; name = Base; path = Base.lproj/LaunchScreen.storyboard; sourceTree = "<group>"; };
		C1FD936E1D52A0AF0091F96E /* Info.plist */ = {isa = PBXFileReference; lastKnownFileType = text.plist.xml; path = Info.plist; sourceTree = "<group>"; };
		C1FD93731D52A0B00091F96E /* RunwayDesignerPrototypeTests.xctest */ = {isa = PBXFileReference; explicitFileType = wrapper.cfbundle; includeInIndex = 0; path = RunwayDesignerPrototypeTests.xctest; sourceTree = BUILT_PRODUCTS_DIR; };
		C1FD93771D52A0B00091F96E /* RunwayDesignerPrototypeTests.m */ = {isa = PBXFileReference; lastKnownFileType = sourcecode.c.objc; path = RunwayDesignerPrototypeTests.m; sourceTree = "<group>"; };
		C1FD93791D52A0B00091F96E /* Info.plist */ = {isa = PBXFileReference; lastKnownFileType = text.plist.xml; path = Info.plist; sourceTree = "<group>"; };
		C1FD937E1D52A0B00091F96E /* RunwayDesignerPrototypeUITests.xctest */ = {isa = PBXFileReference; explicitFileType = wrapper.cfbundle; includeInIndex = 0; path = RunwayDesignerPrototypeUITests.xctest; sourceTree = BUILT_PRODUCTS_DIR; };
		C1FD93821D52A0B00091F96E /* RunwayDesignerPrototypeUITests.m */ = {isa = PBXFileReference; lastKnownFileType = sourcecode.c.objc; path = RunwayDesignerPrototypeUITests.m; sourceTree = "<group>"; };
		C1FD93841D52A0B00091F96E /* Info.plist */ = {isa = PBXFileReference; lastKnownFileType = text.plist.xml; path = Info.plist; sourceTree = "<group>"; };
		FA50A5916D2A54F01344F9D6 /* Pods-RunwayDesignerPrototype.release.xcconfig */ = {isa = PBXFileReference; includeInIndex = 1; lastKnownFileType = text.xcconfig; name = "Pods-RunwayDesignerPrototype.release.xcconfig"; path = "Pods/Target Support Files/Pods-RunwayDesignerPrototype/Pods-RunwayDesignerPrototype.release.xcconfig"; sourceTree = "<group>"; };
/* End PBXFileReference section */

/* Begin PBXFrameworksBuildPhase section */
		C1FD93571D52A0AF0091F96E /* Frameworks */ = {
			isa = PBXFrameworksBuildPhase;
			buildActionMask = 2147483647;
			files = (
				7BF1C9EEFAA766B5ADCE072D /* libPods-RunwayDesignerPrototype.a in Frameworks */,
			);
			runOnlyForDeploymentPostprocessing = 0;
		};
		C1FD93701D52A0B00091F96E /* Frameworks */ = {
			isa = PBXFrameworksBuildPhase;
			buildActionMask = 2147483647;
			files = (
				75142FAAD25F56927116BD05 /* libPods-RunwayDesignerPrototypeTests.a in Frameworks */,
			);
			runOnlyForDeploymentPostprocessing = 0;
		};
		C1FD937B1D52A0B00091F96E /* Frameworks */ = {
			isa = PBXFrameworksBuildPhase;
			buildActionMask = 2147483647;
			files = (
			);
			runOnlyForDeploymentPostprocessing = 0;
		};
/* End PBXFrameworksBuildPhase section */

/* Begin PBXGroup section */
		59BCED6A6C41AF6C3481109E /* Pods */ = {
			isa = PBXGroup;
			children = (
				4E63C5C95C5CFEA65045E385 /* Pods-RunwayDesignerPrototype.debug.xcconfig */,
				FA50A5916D2A54F01344F9D6 /* Pods-RunwayDesignerPrototype.release.xcconfig */,
				C08195F1612CA053DF6B04AF /* Pods-RunwayDesignerPrototypeTests.debug.xcconfig */,
				5EE707A8EAF2DBD63DA1624A /* Pods-RunwayDesignerPrototypeTests.release.xcconfig */,
			);
			name = Pods;
			sourceTree = "<group>";
		};
		C1AC9D691D52A602002776F5 /* ViewControllers */ = {
			isa = PBXGroup;
			children = (
				C1AC9D6A1D52A64E002776F5 /* RDMainViewController.h */,
				C1AC9D6B1D52A64E002776F5 /* RDMainViewController.m */,
				C1D5A3A61D590C65000C65C1 /* RDProductViewController.h */,
				C1D5A3A71D590C65000C65C1 /* RDProductViewController.m */,
				C1D5A3AC1D596EA6000C65C1 /* Cells */,
			);
			name = ViewControllers;
			sourceTree = "<group>";
		};
		C1AC9D6D1D52AB60002776F5 /* Networking */ = {
			isa = PBXGroup;
			children = (
				C1AC9D6E1D52AB95002776F5 /* RDRequestManager.h */,
				C1AC9D6F1D52AB95002776F5 /* RDRequestManager.m */,
				C1D5A3A01D58E2BF000C65C1 /* RDRandomItemsStore.h */,
				C1D5A3A11D58E2BF000C65C1 /* RDRandomItemsStore.m */,
			);
			name = Networking;
			sourceTree = "<group>";
		};
		C1D5A3991D58DB2C000C65C1 /* Models */ = {
			isa = PBXGroup;
			children = (
				C1D5A39A1D58DB72000C65C1 /* RDRandomItem.h */,
				C1D5A39B1D58DB72000C65C1 /* RDRandomItem.m */,
				C1D5A3A91D5933B2000C65C1 /* RDRandomItemImage.h */,
				C1D5A3AA1D5933B2000C65C1 /* RDRandomItemImage.m */,
			);
			name = Models;
			sourceTree = "<group>";
		};
		C1D5A3AC1D596EA6000C65C1 /* Cells */ = {
			isa = PBXGroup;
			children = (
				C1D5A3AD1D596EE9000C65C1 /* RDProductDetailCell.h */,
				C1D5A3AE1D596EE9000C65C1 /* RDProductDetailCell.m */,
				C1D5A3AF1D596EE9000C65C1 /* RDProductDetailCell.xib */,
				C1D5A3B21D59A2D7000C65C1 /* RDDesignerCell.h */,
				C1D5A3B31D59A2D7000C65C1 /* RDDesignerCell.m */,
				C1D5A3B41D59A2D7000C65C1 /* RDDesignerCell.xib */,
				C1D5A3BA1D5A5B0F000C65C1 /* RDProductImageCell.h */,
				C1D5A3BB1D5A5B0F000C65C1 /* RDProductImageCell.m */,
				C1D5A3BC1D5A5B0F000C65C1 /* RDProductImageCell.xib */,
			);
			name = Cells;
			sourceTree = "<group>";
		};
		C1D5A3BF1D5A6E96000C65C1 /* Helpers */ = {
			isa = PBXGroup;
			children = (
				C1D5A3C01D5A6EAD000C65C1 /* Categories */,
			);
			name = Helpers;
			sourceTree = "<group>";
		};
		C1D5A3C01D5A6EAD000C65C1 /* Categories */ = {
			isa = PBXGroup;
			children = (
				C1D5A3C11D5A6EE7000C65C1 /* UIViewController+BackButton.h */,
				C1D5A3C21D5A6EE7000C65C1 /* UIViewController+BackButton.m */,
				C1D5A3CE1D5AE5F7000C65C1 /* UIViewController+UIAlertController.h */,
				C1D5A3CF1D5AE5F7000C65C1 /* UIViewController+UIAlertController.m */,
			);
			name = Categories;
			sourceTree = "<group>";
		};
		C1D5A3C41D5A83B3000C65C1 /* Database */ = {
			isa = PBXGroup;
			children = (
				C1D5A3C81D5AA2CC000C65C1 /* RDDesignerRealm.h */,
				C1D5A3C91D5AA2CC000C65C1 /* RDDesignerRealm.m */,
			);
			name = Database;
			sourceTree = "<group>";
		};
		C1FD93511D52A0AF0091F96E = {
			isa = PBXGroup;
			children = (
				C1FD935C1D52A0AF0091F96E /* RunwayDesignerPrototype */,
				C1FD93761D52A0B00091F96E /* RunwayDesignerPrototypeTests */,
				C1FD93811D52A0B00091F96E /* RunwayDesignerPrototypeUITests */,
				C1FD935B1D52A0AF0091F96E /* Products */,
				59BCED6A6C41AF6C3481109E /* Pods */,
				C95F697580EAC85463D1E6E6 /* Frameworks */,
			);
			sourceTree = "<group>";
		};
		C1FD935B1D52A0AF0091F96E /* Products */ = {
			isa = PBXGroup;
			children = (
				C1FD935A1D52A0AF0091F96E /* RunwayDesignerPrototype.app */,
				C1FD93731D52A0B00091F96E /* RunwayDesignerPrototypeTests.xctest */,
				C1FD937E1D52A0B00091F96E /* RunwayDesignerPrototypeUITests.xctest */,
			);
			name = Products;
			sourceTree = "<group>";
		};
		C1FD935C1D52A0AF0091F96E /* RunwayDesignerPrototype */ = {
			isa = PBXGroup;
			children = (
				C1FD93601D52A0AF0091F96E /* RDAppDelegate.h */,
				C1FD93611D52A0AF0091F96E /* RDAppDelegate.m */,
				C1D5A3981D5860D8000C65C1 /* RDConstants.h */,
				C1AC9D691D52A602002776F5 /* ViewControllers */,
				C1D5A3991D58DB2C000C65C1 /* Models */,
				C1AC9D6D1D52AB60002776F5 /* Networking */,
				C1D5A3C41D5A83B3000C65C1 /* Database */,
				C1D5A3BF1D5A6E96000C65C1 /* Helpers */,
				C1FD93661D52A0AF0091F96E /* Main.storyboard */,
				C1FD93691D52A0AF0091F96E /* Assets.xcassets */,
				C1FD936B1D52A0AF0091F96E /* LaunchScreen.storyboard */,
				C1FD936E1D52A0AF0091F96E /* Info.plist */,
				C1FD935D1D52A0AF0091F96E /* Supporting Files */,
			);
			path = RunwayDesignerPrototype;
			sourceTree = "<group>";
		};
		C1FD935D1D52A0AF0091F96E /* Supporting Files */ = {
			isa = PBXGroup;
			children = (
				C1FD935E1D52A0AF0091F96E /* main.m */,
			);
			name = "Supporting Files";
			sourceTree = "<group>";
		};
		C1FD93761D52A0B00091F96E /* RunwayDesignerPrototypeTests */ = {
			isa = PBXGroup;
			children = (
				C1FD93771D52A0B00091F96E /* RunwayDesignerPrototypeTests.m */,
				C1FD93791D52A0B00091F96E /* Info.plist */,
			);
			path = RunwayDesignerPrototypeTests;
			sourceTree = "<group>";
		};
		C1FD93811D52A0B00091F96E /* RunwayDesignerPrototypeUITests */ = {
			isa = PBXGroup;
			children = (
				C1FD93821D52A0B00091F96E /* RunwayDesignerPrototypeUITests.m */,
				C1FD93841D52A0B00091F96E /* Info.plist */,
			);
			path = RunwayDesignerPrototypeUITests;
			sourceTree = "<group>";
		};
		C95F697580EAC85463D1E6E6 /* Frameworks */ = {
			isa = PBXGroup;
			children = (
				04108099DA479D085DA08C55 /* libPods-RunwayDesignerPrototype.a */,
				26FAF2420EFDFECA6C30EB44 /* libPods-RunwayDesignerPrototypeTests.a */,
			);
			name = Frameworks;
			sourceTree = "<group>";
		};
/* End PBXGroup section */

/* Begin PBXNativeTarget section */
		C1FD93591D52A0AF0091F96E /* RunwayDesignerPrototype */ = {
			isa = PBXNativeTarget;
			buildConfigurationList = C1FD93871D52A0B00091F96E /* Build configuration list for PBXNativeTarget "RunwayDesignerPrototype" */;
			buildPhases = (
				40BC67C289A73E0FB882AB1D /* Check Pods Manifest.lock */,
				C1FD93561D52A0AF0091F96E /* Sources */,
				C1FD93571D52A0AF0091F96E /* Frameworks */,
				C1FD93581D52A0AF0091F96E /* Resources */,
				0EE4DC11A36DBC884A7019F2 /* Embed Pods Frameworks */,
				D18A9AD03CFB72E0D14D1595 /* Copy Pods Resources */,
			);
			buildRules = (
			);
			dependencies = (
			);
			name = RunwayDesignerPrototype;
			productName = RunwayDesignerPrototype;
			productReference = C1FD935A1D52A0AF0091F96E /* RunwayDesignerPrototype.app */;
			productType = "com.apple.product-type.application";
		};
		C1FD93721D52A0B00091F96E /* RunwayDesignerPrototypeTests */ = {
			isa = PBXNativeTarget;
			buildConfigurationList = C1FD938A1D52A0B00091F96E /* Build configuration list for PBXNativeTarget "RunwayDesignerPrototypeTests" */;
			buildPhases = (
				996EBA84D2768F67E186FA3D /* Check Pods Manifest.lock */,
				C1FD936F1D52A0B00091F96E /* Sources */,
				C1FD93701D52A0B00091F96E /* Frameworks */,
				C1FD93711D52A0B00091F96E /* Resources */,
				0F1EA41E3FF959910CEC40AB /* Embed Pods Frameworks */,
				801EC097DC8F830CCEB20090 /* Copy Pods Resources */,
			);
			buildRules = (
			);
			dependencies = (
				C1FD93751D52A0B00091F96E /* PBXTargetDependency */,
			);
			name = RunwayDesignerPrototypeTests;
			productName = RunwayDesignerPrototypeTests;
			productReference = C1FD93731D52A0B00091F96E /* RunwayDesignerPrototypeTests.xctest */;
			productType = "com.apple.product-type.bundle.unit-test";
		};
		C1FD937D1D52A0B00091F96E /* RunwayDesignerPrototypeUITests */ = {
			isa = PBXNativeTarget;
			buildConfigurationList = C1FD938D1D52A0B00091F96E /* Build configuration list for PBXNativeTarget "RunwayDesignerPrototypeUITests" */;
			buildPhases = (
				C1FD937A1D52A0B00091F96E /* Sources */,
				C1FD937B1D52A0B00091F96E /* Frameworks */,
				C1FD937C1D52A0B00091F96E /* Resources */,
			);
			buildRules = (
			);
			dependencies = (
				C1FD93801D52A0B00091F96E /* PBXTargetDependency */,
			);
			name = RunwayDesignerPrototypeUITests;
			productName = RunwayDesignerPrototypeUITests;
			productReference = C1FD937E1D52A0B00091F96E /* RunwayDesignerPrototypeUITests.xctest */;
			productType = "com.apple.product-type.bundle.ui-testing";
		};
/* End PBXNativeTarget section */

/* Begin PBXProject section */
		C1FD93521D52A0AF0091F96E /* Project object */ = {
			isa = PBXProject;
			attributes = {
				LastUpgradeCheck = 0720;
				ORGANIZATIONNAME = "Amit Chandel";
				TargetAttributes = {
					C1FD93591D52A0AF0091F96E = {
						CreatedOnToolsVersion = 7.2;
					};
					C1FD93721D52A0B00091F96E = {
						CreatedOnToolsVersion = 7.2;
						TestTargetID = C1FD93591D52A0AF0091F96E;
					};
					C1FD937D1D52A0B00091F96E = {
						CreatedOnToolsVersion = 7.2;
						TestTargetID = C1FD93591D52A0AF0091F96E;
					};
				};
			};
			buildConfigurationList = C1FD93551D52A0AF0091F96E /* Build configuration list for PBXProject "RunwayDesignerPrototype" */;
			compatibilityVersion = "Xcode 3.2";
			developmentRegion = English;
			hasScannedForEncodings = 0;
			knownRegions = (
				en,
				Base,
			);
			mainGroup = C1FD93511D52A0AF0091F96E;
			productRefGroup = C1FD935B1D52A0AF0091F96E /* Products */;
			projectDirPath = "";
			projectRoot = "";
			targets = (
				C1FD93591D52A0AF0091F96E /* RunwayDesignerPrototype */,
				C1FD93721D52A0B00091F96E /* RunwayDesignerPrototypeTests */,
				C1FD937D1D52A0B00091F96E /* RunwayDesignerPrototypeUITests */,
			);
		};
/* End PBXProject section */

/* Begin PBXResourcesBuildPhase section */
		C1FD93581D52A0AF0091F96E /* Resources */ = {
			isa = PBXResourcesBuildPhase;
			buildActionMask = 2147483647;
			files = (
				C1FD936D1D52A0AF0091F96E /* LaunchScreen.storyboard in Resources */,
				C1D5A3B61D59A2D7000C65C1 /* RDDesignerCell.xib in Resources */,
				C1FD936A1D52A0AF0091F96E /* Assets.xcassets in Resources */,
				C1D5A3BE1D5A5B0F000C65C1 /* RDProductImageCell.xib in Resources */,
				C1D5A3B11D596EE9000C65C1 /* RDProductDetailCell.xib in Resources */,
				C1FD93681D52A0AF0091F96E /* Main.storyboard in Resources */,
			);
			runOnlyForDeploymentPostprocessing = 0;
		};
		C1FD93711D52A0B00091F96E /* Resources */ = {
			isa = PBXResourcesBuildPhase;
			buildActionMask = 2147483647;
			files = (
			);
			runOnlyForDeploymentPostprocessing = 0;
		};
		C1FD937C1D52A0B00091F96E /* Resources */ = {
			isa = PBXResourcesBuildPhase;
			buildActionMask = 2147483647;
			files = (
			);
			runOnlyForDeploymentPostprocessing = 0;
		};
/* End PBXResourcesBuildPhase section */

/* Begin PBXShellScriptBuildPhase section */
		0EE4DC11A36DBC884A7019F2 /* Embed Pods Frameworks */ = {
			isa = PBXShellScriptBuildPhase;
			buildActionMask = 2147483647;
			files = (
			);
			inputPaths = (
			);
			name = "Embed Pods Frameworks";
			outputPaths = (
			);
			runOnlyForDeploymentPostprocessing = 0;
			shellPath = /bin/sh;
			shellScript = "\"${SRCROOT}/Pods/Target Support Files/Pods-RunwayDesignerPrototype/Pods-RunwayDesignerPrototype-frameworks.sh\"\n";
			showEnvVarsInLog = 0;
		};
		0F1EA41E3FF959910CEC40AB /* Embed Pods Frameworks */ = {
			isa = PBXShellScriptBuildPhase;
			buildActionMask = 2147483647;
			files = (
			);
			inputPaths = (
			);
			name = "Embed Pods Frameworks";
			outputPaths = (
			);
			runOnlyForDeploymentPostprocessing = 0;
			shellPath = /bin/sh;
			shellScript = "\"${SRCROOT}/Pods/Target Support Files/Pods-RunwayDesignerPrototypeTests/Pods-RunwayDesignerPrototypeTests-frameworks.sh\"\n";
			showEnvVarsInLog = 0;
		};
		40BC67C289A73E0FB882AB1D /* Check Pods Manifest.lock */ = {
			isa = PBXShellScriptBuildPhase;
			buildActionMask = 2147483647;
			files = (
			);
			inputPaths = (
			);
			name = "Check Pods Manifest.lock";
			outputPaths = (
			);
			runOnlyForDeploymentPostprocessing = 0;
			shellPath = /bin/sh;
			shellScript = "diff \"${PODS_ROOT}/../Podfile.lock\" \"${PODS_ROOT}/Manifest.lock\" > /dev/null\nif [[ $? != 0 ]] ; then\n    cat << EOM\nerror: The sandbox is not in sync with the Podfile.lock. Run 'pod install' or update your CocoaPods installation.\nEOM\n    exit 1\nfi\n";
			showEnvVarsInLog = 0;
		};
		801EC097DC8F830CCEB20090 /* Copy Pods Resources */ = {
			isa = PBXShellScriptBuildPhase;
			buildActionMask = 2147483647;
			files = (
			);
			inputPaths = (
			);
			name = "Copy Pods Resources";
			outputPaths = (
			);
			runOnlyForDeploymentPostprocessing = 0;
			shellPath = /bin/sh;
			shellScript = "\"${SRCROOT}/Pods/Target Support Files/Pods-RunwayDesignerPrototypeTests/Pods-RunwayDesignerPrototypeTests-resources.sh\"\n";
			showEnvVarsInLog = 0;
		};
		996EBA84D2768F67E186FA3D /* Check Pods Manifest.lock */ = {
			isa = PBXShellScriptBuildPhase;
			buildActionMask = 2147483647;
			files = (
			);
			inputPaths = (
			);
			name = "Check Pods Manifest.lock";
			outputPaths = (
			);
			runOnlyForDeploymentPostprocessing = 0;
			shellPath = /bin/sh;
			shellScript = "diff \"${PODS_ROOT}/../Podfile.lock\" \"${PODS_ROOT}/Manifest.lock\" > /dev/null\nif [[ $? != 0 ]] ; then\n    cat << EOM\nerror: The sandbox is not in sync with the Podfile.lock. Run 'pod install' or update your CocoaPods installation.\nEOM\n    exit 1\nfi\n";
			showEnvVarsInLog = 0;
		};
		D18A9AD03CFB72E0D14D1595 /* Copy Pods Resources */ = {
			isa = PBXShellScriptBuildPhase;
			buildActionMask = 2147483647;
			files = (
			);
			inputPaths = (
			);
			name = "Copy Pods Resources";
			outputPaths = (
			);
			runOnlyForDeploymentPostprocessing = 0;
			shellPath = /bin/sh;
			shellScript = "\"${SRCROOT}/Pods/Target Support Files/Pods-RunwayDesignerPrototype/Pods-RunwayDesignerPrototype-resources.sh\"\n";
			showEnvVarsInLog = 0;
		};
/* End PBXShellScriptBuildPhase section */

/* Begin PBXSourcesBuildPhase section */
		C1FD93561D52A0AF0091F96E /* Sources */ = {
			isa = PBXSourcesBuildPhase;
			buildActionMask = 2147483647;
			files = (
				C1D5A3A21D58E2BF000C65C1 /* RDRandomItemsStore.m in Sources */,
				C1D5A3BD1D5A5B0F000C65C1 /* RDProductImageCell.m in Sources */,
				C1D5A3C31D5A6EE7000C65C1 /* UIViewController+BackButton.m in Sources */,
				C1FD93621D52A0AF0091F96E /* RDAppDelegate.m in Sources */,
				C1D5A3CA1D5AA2CC000C65C1 /* RDDesignerRealm.m in Sources */,
				C1AC9D6C1D52A64E002776F5 /* RDMainViewController.m in Sources */,
				C1FD935F1D52A0AF0091F96E /* main.m in Sources */,
				C1D5A3D01D5AE5F7000C65C1 /* UIViewController+UIAlertController.m in Sources */,
				C1D5A39C1D58DB72000C65C1 /* RDRandomItem.m in Sources */,
				C1D5A3B51D59A2D7000C65C1 /* RDDesignerCell.m in Sources */,
				C1D5A3B01D596EE9000C65C1 /* RDProductDetailCell.m in Sources */,
				C1AC9D701D52AB95002776F5 /* RDRequestManager.m in Sources */,
				C1D5A3AB1D5933B2000C65C1 /* RDRandomItemImage.m in Sources */,
				C1D5A3A81D590C65000C65C1 /* RDProductViewController.m in Sources */,
			);
			runOnlyForDeploymentPostprocessing = 0;
		};
		C1FD936F1D52A0B00091F96E /* Sources */ = {
			isa = PBXSourcesBuildPhase;
			buildActionMask = 2147483647;
			files = (
				C1FD93781D52A0B00091F96E /* RunwayDesignerPrototypeTests.m in Sources */,
			);
			runOnlyForDeploymentPostprocessing = 0;
		};
		C1FD937A1D52A0B00091F96E /* Sources */ = {
			isa = PBXSourcesBuildPhase;
			buildActionMask = 2147483647;
			files = (
				C1FD93831D52A0B00091F96E /* RunwayDesignerPrototypeUITests.m in Sources */,
			);
			runOnlyForDeploymentPostprocessing = 0;
		};
/* End PBXSourcesBuildPhase section */

/* Begin PBXTargetDependency section */
		C1FD93751D52A0B00091F96E /* PBXTargetDependency */ = {
			isa = PBXTargetDependency;
			target = C1FD93591D52A0AF0091F96E /* RunwayDesignerPrototype */;
			targetProxy = C1FD93741D52A0B00091F96E /* PBXContainerItemProxy */;
		};
		C1FD93801D52A0B00091F96E /* PBXTargetDependency */ = {
			isa = PBXTargetDependency;
			target = C1FD93591D52A0AF0091F96E /* RunwayDesignerPrototype */;
			targetProxy = C1FD937F1D52A0B00091F96E /* PBXContainerItemProxy */;
		};
/* End PBXTargetDependency section */

/* Begin PBXVariantGroup section */
		C1FD93661D52A0AF0091F96E /* Main.storyboard */ = {
			isa = PBXVariantGroup;
			children = (
				C1FD93671D52A0AF0091F96E /* Base */,
			);
			name = Main.storyboard;
			sourceTree = "<group>";
		};
		C1FD936B1D52A0AF0091F96E /* LaunchScreen.storyboard */ = {
			isa = PBXVariantGroup;
			children = (
				C1FD936C1D52A0AF0091F96E /* Base */,
			);
			name = LaunchScreen.storyboard;
			sourceTree = "<group>";
		};
/* End PBXVariantGroup section */

/* Begin XCBuildConfiguration section */
		C1FD93851D52A0B00091F96E /* Debug */ = {
			isa = XCBuildConfiguration;
			buildSettings = {
				ALWAYS_SEARCH_USER_PATHS = NO;
				CLANG_CXX_LANGUAGE_STANDARD = "gnu++0x";
				CLANG_CXX_LIBRARY = "libc++";
				CLANG_ENABLE_MODULES = YES;
				CLANG_ENABLE_OBJC_ARC = YES;
				CLANG_WARN_BOOL_CONVERSION = YES;
				CLANG_WARN_CONSTANT_CONVERSION = YES;
				CLANG_WARN_DIRECT_OBJC_ISA_USAGE = YES_ERROR;
				CLANG_WARN_EMPTY_BODY = YES;
				CLANG_WARN_ENUM_CONVERSION = YES;
				CLANG_WARN_INT_CONVERSION = YES;
				CLANG_WARN_OBJC_ROOT_CLASS = YES_ERROR;
				CLANG_WARN_UNREACHABLE_CODE = YES;
				CLANG_WARN__DUPLICATE_METHOD_MATCH = YES;
				"CODE_SIGN_IDENTITY[sdk=iphoneos*]" = "iPhone Developer";
				COPY_PHASE_STRIP = NO;
				DEBUG_INFORMATION_FORMAT = dwarf;
				ENABLE_STRICT_OBJC_MSGSEND = YES;
				ENABLE_TESTABILITY = YES;
				GCC_C_LANGUAGE_STANDARD = gnu99;
				GCC_DYNAMIC_NO_PIC = NO;
				GCC_NO_COMMON_BLOCKS = YES;
				GCC_OPTIMIZATION_LEVEL = 0;
				GCC_PREPROCESSOR_DEFINITIONS = (
					"DEBUG=1",
					"$(inherited)",
				);
				GCC_WARN_64_TO_32_BIT_CONVERSION = YES;
				GCC_WARN_ABOUT_RETURN_TYPE = YES_ERROR;
				GCC_WARN_UNDECLARED_SELECTOR = YES;
				GCC_WARN_UNINITIALIZED_AUTOS = YES_AGGRESSIVE;
				GCC_WARN_UNUSED_FUNCTION = YES;
				GCC_WARN_UNUSED_VARIABLE = YES;
				IPHONEOS_DEPLOYMENT_TARGET = 9.2;
				MTL_ENABLE_DEBUG_INFO = YES;
				ONLY_ACTIVE_ARCH = YES;
				SDKROOT = iphoneos;
			};
			name = Debug;
		};
		C1FD93861D52A0B00091F96E /* Release */ = {
			isa = XCBuildConfiguration;
			buildSettings = {
				ALWAYS_SEARCH_USER_PATHS = NO;
				CLANG_CXX_LANGUAGE_STANDARD = "gnu++0x";
				CLANG_CXX_LIBRARY = "libc++";
				CLANG_ENABLE_MODULES = YES;
				CLANG_ENABLE_OBJC_ARC = YES;
				CLANG_WARN_BOOL_CONVERSION = YES;
				CLANG_WARN_CONSTANT_CONVERSION = YES;
				CLANG_WARN_DIRECT_OBJC_ISA_USAGE = YES_ERROR;
				CLANG_WARN_EMPTY_BODY = YES;
				CLANG_WARN_ENUM_CONVERSION = YES;
				CLANG_WARN_INT_CONVERSION = YES;
				CLANG_WARN_OBJC_ROOT_CLASS = YES_ERROR;
				CLANG_WARN_UNREACHABLE_CODE = YES;
				CLANG_WARN__DUPLICATE_METHOD_MATCH = YES;
				"CODE_SIGN_IDENTITY[sdk=iphoneos*]" = "iPhone Developer";
				COPY_PHASE_STRIP = NO;
				DEBUG_INFORMATION_FORMAT = "dwarf-with-dsym";
				ENABLE_NS_ASSERTIONS = NO;
				ENABLE_STRICT_OBJC_MSGSEND = YES;
				GCC_C_LANGUAGE_STANDARD = gnu99;
				GCC_NO_COMMON_BLOCKS = YES;
				GCC_WARN_64_TO_32_BIT_CONVERSION = YES;
				GCC_WARN_ABOUT_RETURN_TYPE = YES_ERROR;
				GCC_WARN_UNDECLARED_SELECTOR = YES;
				GCC_WARN_UNINITIALIZED_AUTOS = YES_AGGRESSIVE;
				GCC_WARN_UNUSED_FUNCTION = YES;
				GCC_WARN_UNUSED_VARIABLE = YES;
				IPHONEOS_DEPLOYMENT_TARGET = 9.2;
				MTL_ENABLE_DEBUG_INFO = NO;
				SDKROOT = iphoneos;
				VALIDATE_PRODUCT = YES;
			};
			name = Release;
		};
		C1FD93881D52A0B00091F96E /* Debug */ = {
			isa = XCBuildConfiguration;
			baseConfigurationReference = 4E63C5C95C5CFEA65045E385 /* Pods-RunwayDesignerPrototype.debug.xcconfig */;
			buildSettings = {
				ALWAYS_SEARCH_USER_PATHS = YES;
				ASSETCATALOG_COMPILER_APPICON_NAME = AppIcon;
				INFOPLIST_FILE = RunwayDesignerPrototype/Info.plist;
				LD_RUNPATH_SEARCH_PATHS = "$(inherited) @executable_path/Frameworks";
				PRODUCT_BUNDLE_IDENTIFIER = com.amitchandel.RunwayDesignerPrototype;
				PRODUCT_NAME = "$(TARGET_NAME)";
			};
			name = Debug;
		};
		C1FD93891D52A0B00091F96E /* Release */ = {
			isa = XCBuildConfiguration;
			baseConfigurationReference = FA50A5916D2A54F01344F9D6 /* Pods-RunwayDesignerPrototype.release.xcconfig */;
			buildSettings = {
				ALWAYS_SEARCH_USER_PATHS = YES;
				ASSETCATALOG_COMPILER_APPICON_NAME = AppIcon;
				INFOPLIST_FILE = RunwayDesignerPrototype/Info.plist;
				LD_RUNPATH_SEARCH_PATHS = "$(inherited) @executable_path/Frameworks";
				PRODUCT_BUNDLE_IDENTIFIER = com.amitchandel.RunwayDesignerPrototype;
				PRODUCT_NAME = "$(TARGET_NAME)";
			};
			name = Release;
		};
		C1FD938B1D52A0B00091F96E /* Debug */ = {
			isa = XCBuildConfiguration;
			baseConfigurationReference = C08195F1612CA053DF6B04AF /* Pods-RunwayDesignerPrototypeTests.debug.xcconfig */;
			buildSettings = {
				BUNDLE_LOADER = "$(TEST_HOST)";
				INFOPLIST_FILE = RunwayDesignerPrototypeTests/Info.plist;
				LD_RUNPATH_SEARCH_PATHS = "$(inherited) @executable_path/Frameworks @loader_path/Frameworks";
				PRODUCT_BUNDLE_IDENTIFIER = com.amitchandel.RunwayDesignerPrototypeTests;
				PRODUCT_NAME = "$(TARGET_NAME)";
				TEST_HOST = "$(BUILT_PRODUCTS_DIR)/RunwayDesignerPrototype.app/RunwayDesignerPrototype";
			};
			name = Debug;
		};
		C1FD938C1D52A0B00091F96E /* Release */ = {
			isa = XCBuildConfiguration;
			baseConfigurationReference = 5EE707A8EAF2DBD63DA1624A /* Pods-RunwayDesignerPrototypeTests.release.xcconfig */;
			buildSettings = {
				BUNDLE_LOADER = "$(TEST_HOST)";
				INFOPLIST_FILE = RunwayDesignerPrototypeTests/Info.plist;
				LD_RUNPATH_SEARCH_PATHS = "$(inherited) @executable_path/Frameworks @loader_path/Frameworks";
				PRODUCT_BUNDLE_IDENTIFIER = com.amitchandel.RunwayDesignerPrototypeTests;
				PRODUCT_NAME = "$(TARGET_NAME)";
				TEST_HOST = "$(BUILT_PRODUCTS_DIR)/RunwayDesignerPrototype.app/RunwayDesignerPrototype";
			};
			name = Release;
		};
		C1FD938E1D52A0B00091F96E /* Debug */ = {
			isa = XCBuildConfiguration;
			buildSettings = {
				INFOPLIST_FILE = RunwayDesignerPrototypeUITests/Info.plist;
				LD_RUNPATH_SEARCH_PATHS = "$(inherited) @executable_path/Frameworks @loader_path/Frameworks";
				PRODUCT_BUNDLE_IDENTIFIER = com.amitchandel.RunwayDesignerPrototypeUITests;
				PRODUCT_NAME = "$(TARGET_NAME)";
				TEST_TARGET_NAME = RunwayDesignerPrototype;
				USES_XCTRUNNER = YES;
			};
			name = Debug;
		};
		C1FD938F1D52A0B00091F96E /* Release */ = {
			isa = XCBuildConfiguration;
			buildSettings = {
				INFOPLIST_FILE = RunwayDesignerPrototypeUITests/Info.plist;
				LD_RUNPATH_SEARCH_PATHS = "$(inherited) @executable_path/Frameworks @loader_path/Frameworks";
				PRODUCT_BUNDLE_IDENTIFIER = com.amitchandel.RunwayDesignerPrototypeUITests;
				PRODUCT_NAME = "$(TARGET_NAME)";
				TEST_TARGET_NAME = RunwayDesignerPrototype;
				USES_XCTRUNNER = YES;
			};
			name = Release;
		};
/* End XCBuildConfiguration section */

/* Begin XCConfigurationList section */
		C1FD93551D52A0AF0091F96E /* Build configuration list for PBXProject "RunwayDesignerPrototype" */ = {
			isa = XCConfigurationList;
			buildConfigurations = (
				C1FD93851D52A0B00091F96E /* Debug */,
				C1FD93861D52A0B00091F96E /* Release */,
			);
			defaultConfigurationIsVisible = 0;
			defaultConfigurationName = Release;
		};
		C1FD93871D52A0B00091F96E /* Build configuration list for PBXNativeTarget "RunwayDesignerPrototype" */ = {
			isa = XCConfigurationList;
			buildConfigurations = (
				C1FD93881D52A0B00091F96E /* Debug */,
				C1FD93891D52A0B00091F96E /* Release */,
			);
			defaultConfigurationIsVisible = 0;
			defaultConfigurationName = Release;
		};
		C1FD938A1D52A0B00091F96E /* Build configuration list for PBXNativeTarget "RunwayDesignerPrototypeTests" */ = {
			isa = XCConfigurationList;
			buildConfigurations = (
				C1FD938B1D52A0B00091F96E /* Debug */,
				C1FD938C1D52A0B00091F96E /* Release */,
			);
			defaultConfigurationIsVisible = 0;
			defaultConfigurationName = Release;
		};
		C1FD938D1D52A0B00091F96E /* Build configuration list for PBXNativeTarget "RunwayDesignerPrototypeUITests" */ = {
			isa = XCConfigurationList;
			buildConfigurations = (
				C1FD938E1D52A0B00091F96E /* Debug */,
				C1FD938F1D52A0B00091F96E /* Release */,
			);
			defaultConfigurationIsVisible = 0;
			defaultConfigurationName = Release;
		};
/* End XCConfigurationList section */
	};
	rootObject = C1FD93521D52A0AF0091F96E /* Project object */;
}
